
Microsoft Visual Studio Solution File, Format Version 12.00
# Visual Studio Version 16
VisualStudioVersion = 16.0.30114.105
MinimumVisualStudioVersion = 10.0.40219.1
Project("{FAE04EC0-301F-11D3-BF4B-00C04F79EFBC}") = "MovieEditor", "MovieEditor\MovieEditor.csproj", "{F9B1CC1A-A3A5-4A86-A73A-D5EC123D3126}"
EndProject
Global
	GlobalSection(SolutionConfigurationPlatforms) = preSolution
		Debug|Any CPU = Debug|Any CPU
		Release|Any CPU = Release|Any CPU
	EndGlobalSection
	GlobalSection(ProjectConfigurationPlatforms) = postSolution
		{F9B1CC1A-A3A5-4A86-A73A-D5EC123D3126}.Debug|Any CPU.ActiveCfg = Debug|Any CPU
		{F9B1CC1A-A3A5-4A86-A73A-D5EC123D3126}.Debug|Any CPU.Build.0 = Debug|Any CPU
		{F9B1CC1A-A3A5-4A86-A73A-D5EC123D3126}.Release|Any CPU.ActiveCfg = Release|Any CPU
		{F9B1CC1A-A3A5-4A86-A73A-D5EC123D3126}.Release|Any CPU.Build.0 = Release|Any CPU
	EndGlobalSection
	GlobalSection(SolutionProperties) = preSolution
		HideSolutionNode = FALSE
	EndGlobalSection
	GlobalSection(ExtensibilityGlobals) = postSolution
		SolutionGuid = {50CF8CEE-6A46-4886-8605-D968F5F28E79}
	EndGlobalSection
EndGlobal
